// !$*UTF8*$!
{
	archiveVersion = 1;
	classes = {
	};
	objectVersion = 56;
	objects = {

/* Begin PBXBuildFile section */
		8336F6FF299092FA00A28EF8 /* LocationSearchView.swift in Sources */ = {isa = PBXBuildFile; fileRef = 8336F6FE299092FA00A28EF8 /* LocationSearchView.swift */; };
		8336F7012990969600A28EF8 /* LocationSearchResultCell.swift in Sources */ = {isa = PBXBuildFile; fileRef = 8336F7002990969600A28EF8 /* LocationSearchResultCell.swift */; };
		8336F7032990A54600A28EF8 /* LocationSearchViewModel.swift in Sources */ = {isa = PBXBuildFile; fileRef = 8336F7022990A54600A28EF8 /* LocationSearchViewModel.swift */; };
		83994885298904BF0072DA64 /* UberSwiftUIApp.swift in Sources */ = {isa = PBXBuildFile; fileRef = 83994884298904BF0072DA64 /* UberSwiftUIApp.swift */; };
		83994889298904C00072DA64 /* Assets.xcassets in Resources */ = {isa = PBXBuildFile; fileRef = 83994888298904C00072DA64 /* Assets.xcassets */; };
		8399488C298904C00072DA64 /* Preview Assets.xcassets in Resources */ = {isa = PBXBuildFile; fileRef = 8399488B298904C00072DA64 /* Preview Assets.xcassets */; };
		8399489C298905470072DA64 /* HomeView.swift in Sources */ = {isa = PBXBuildFile; fileRef = 8399489B298905470072DA64 /* HomeView.swift */; };
		8399489E298905630072DA64 /* MapViewRepresentable.swift in Sources */ = {isa = PBXBuildFile; fileRef = 8399489D298905630072DA64 /* MapViewRepresentable.swift */; };
		839948A02989079F0072DA64 /* LocationManager.swift in Sources */ = {isa = PBXBuildFile; fileRef = 8399489F2989079F0072DA64 /* LocationManager.swift */; };
		839948A62989F11D0072DA64 /* LocationSearchActivationView.swift in Sources */ = {isa = PBXBuildFile; fileRef = 839948A52989F11C0072DA64 /* LocationSearchActivationView.swift */; };
		839948A82989F24A0072DA64 /* UIScreen+.swift in Sources */ = {isa = PBXBuildFile; fileRef = 839948A72989F24A0072DA64 /* UIScreen+.swift */; };
		839948AA2989F6400072DA64 /* MapViewActionButton.swift in Sources */ = {isa = PBXBuildFile; fileRef = 839948A92989F6400072DA64 /* MapViewActionButton.swift */; };
/* End PBXBuildFile section */

/* Begin PBXFileReference section */
		8336F6FE299092FA00A28EF8 /* LocationSearchView.swift */ = {isa = PBXFileReference; lastKnownFileType = sourcecode.swift; path = LocationSearchView.swift; sourceTree = "<group>"; };
		8336F7002990969600A28EF8 /* LocationSearchResultCell.swift */ = {isa = PBXFileReference; lastKnownFileType = sourcecode.swift; path = LocationSearchResultCell.swift; sourceTree = "<group>"; };
		8336F7022990A54600A28EF8 /* LocationSearchViewModel.swift */ = {isa = PBXFileReference; lastKnownFileType = sourcecode.swift; path = LocationSearchViewModel.swift; sourceTree = "<group>"; };
		83994881298904BF0072DA64 /* UberSwiftUI.app */ = {isa = PBXFileReference; explicitFileType = wrapper.application; includeInIndex = 0; path = UberSwiftUI.app; sourceTree = BUILT_PRODUCTS_DIR; };
		83994884298904BF0072DA64 /* UberSwiftUIApp.swift */ = {isa = PBXFileReference; lastKnownFileType = sourcecode.swift; path = UberSwiftUIApp.swift; sourceTree = "<group>"; };
		83994888298904C00072DA64 /* Assets.xcassets */ = {isa = PBXFileReference; lastKnownFileType = folder.assetcatalog; path = Assets.xcassets; sourceTree = "<group>"; };
		8399488B298904C00072DA64 /* Preview Assets.xcassets */ = {isa = PBXFileReference; lastKnownFileType = folder.assetcatalog; path = "Preview Assets.xcassets"; sourceTree = "<group>"; };
		8399489B298905470072DA64 /* HomeView.swift */ = {isa = PBXFileReference; lastKnownFileType = sourcecode.swift; path = HomeView.swift; sourceTree = "<group>"; };
		8399489D298905630072DA64 /* MapViewRepresentable.swift */ = {isa = PBXFileReference; lastKnownFileType = sourcecode.swift; path = MapViewRepresentable.swift; sourceTree = "<group>"; };
		8399489F2989079F0072DA64 /* LocationManager.swift */ = {isa = PBXFileReference; lastKnownFileType = sourcecode.swift; path = LocationManager.swift; sourceTree = "<group>"; };
		839948A52989F11C0072DA64 /* LocationSearchActivationView.swift */ = {isa = PBXFileReference; lastKnownFileType = sourcecode.swift; path = LocationSearchActivationView.swift; sourceTree = "<group>"; };
		839948A72989F24A0072DA64 /* UIScreen+.swift */ = {isa = PBXFileReference; lastKnownFileType = sourcecode.swift; path = "UIScreen+.swift"; sourceTree = "<group>"; };
		839948A92989F6400072DA64 /* MapViewActionButton.swift */ = {isa = PBXFileReference; lastKnownFileType = sourcecode.swift; path = MapViewActionButton.swift; sourceTree = "<group>"; };
/* End PBXFileReference section */

/* Begin PBXFrameworksBuildPhase section */
		8399487E298904BF0072DA64 /* Frameworks */ = {
			isa = PBXFrameworksBuildPhase;
			buildActionMask = 2147483647;
			files = (
			);
			runOnlyForDeploymentPostprocessing = 0;
		};
/* End PBXFrameworksBuildPhase section */

/* Begin PBXGroup section */
		83994878298904BF0072DA64 = {
			isa = PBXGroup;
			children = (
				83994883298904BF0072DA64 /* UberSwiftUI */,
				83994882298904BF0072DA64 /* Products */,
			);
			sourceTree = "<group>";
		};
		83994882298904BF0072DA64 /* Products */ = {
			isa = PBXGroup;
			children = (
				83994881298904BF0072DA64 /* UberSwiftUI.app */,
			);
			name = Products;
			sourceTree = "<group>";
		};
		83994883298904BF0072DA64 /* UberSwiftUI */ = {
			isa = PBXGroup;
			children = (
				83994892298904C90072DA64 /* App */,
				83994893298904CD0072DA64 /* Core */,
				83994894298904D10072DA64 /* Extensions */,
				83994895298904DE0072DA64 /* Managers */,
				83994896298904E10072DA64 /* Models */,
				83994888298904C00072DA64 /* Assets.xcassets */,
				8399488A298904C00072DA64 /* Preview Content */,
			);
			path = UberSwiftUI;
			sourceTree = "<group>";
		};
		8399488A298904C00072DA64 /* Preview Content */ = {
			isa = PBXGroup;
			children = (
				8399488B298904C00072DA64 /* Preview Assets.xcassets */,
			);
			path = "Preview Content";
			sourceTree = "<group>";
		};
		83994892298904C90072DA64 /* App */ = {
			isa = PBXGroup;
			children = (
				83994884298904BF0072DA64 /* UberSwiftUIApp.swift */,
			);
			path = App;
			sourceTree = "<group>";
		};
		83994893298904CD0072DA64 /* Core */ = {
			isa = PBXGroup;
			children = (
				839948A22989F0EF0072DA64 /* LocationSearch */,
				839948A12989F0E70072DA64 /* Home */,
			);
			path = Core;
			sourceTree = "<group>";
		};
		83994894298904D10072DA64 /* Extensions */ = {
			isa = PBXGroup;
			children = (
				839948A72989F24A0072DA64 /* UIScreen+.swift */,
			);
			path = Extensions;
			sourceTree = "<group>";
		};
		83994895298904DE0072DA64 /* Managers */ = {
			isa = PBXGroup;
			children = (
				8399489F2989079F0072DA64 /* LocationManager.swift */,
			);
			path = Managers;
			sourceTree = "<group>";
		};
		83994896298904E10072DA64 /* Models */ = {
			isa = PBXGroup;
			children = (
			);
			path = Models;
			sourceTree = "<group>";
		};
		839948972989052A0072DA64 /* Views */ = {
			isa = PBXGroup;
			children = (
				8399489B298905470072DA64 /* HomeView.swift */,
				839948A92989F6400072DA64 /* MapViewActionButton.swift */,
				8399489D298905630072DA64 /* MapViewRepresentable.swift */,
			);
			path = Views;
			sourceTree = "<group>";
		};
		839948982989052C0072DA64 /* ViewModel */ = {
			isa = PBXGroup;
			children = (
			);
			path = ViewModel;
			sourceTree = "<group>";
		};
		839948A12989F0E70072DA64 /* Home */ = {
			isa = PBXGroup;
			children = (
				839948982989052C0072DA64 /* ViewModel */,
				839948972989052A0072DA64 /* Views */,
			);
			path = Home;
			sourceTree = "<group>";
		};
		839948A22989F0EF0072DA64 /* LocationSearch */ = {
			isa = PBXGroup;
			children = (
				839948A32989F0F40072DA64 /* ViewModel */,
				839948A42989F0F80072DA64 /* Views */,
			);
			path = LocationSearch;
			sourceTree = "<group>";
		};
		839948A32989F0F40072DA64 /* ViewModel */ = {
			isa = PBXGroup;
			children = (
				8336F7022990A54600A28EF8 /* LocationSearchViewModel.swift */,
			);
			path = ViewModel;
			sourceTree = "<group>";
		};
		839948A42989F0F80072DA64 /* Views */ = {
			isa = PBXGroup;
			children = (
				839948A52989F11C0072DA64 /* LocationSearchActivationView.swift */,
				8336F6FE299092FA00A28EF8 /* LocationSearchView.swift */,
				8336F7002990969600A28EF8 /* LocationSearchResultCell.swift */,
			);
			path = Views;
			sourceTree = "<group>";
		};
/* End PBXGroup section */

/* Begin PBXNativeTarget section */
		83994880298904BF0072DA64 /* UberSwiftUI */ = {
			isa = PBXNativeTarget;
			buildConfigurationList = 8399488F298904C00072DA64 /* Build configuration list for PBXNativeTarget "UberSwiftUI" */;
			buildPhases = (
				8399487D298904BF0072DA64 /* Sources */,
				8399487E298904BF0072DA64 /* Frameworks */,
				8399487F298904BF0072DA64 /* Resources */,
			);
			buildRules = (
			);
			dependencies = (
			);
			name = UberSwiftUI;
			productName = UberSwiftUI;
			productReference = 83994881298904BF0072DA64 /* UberSwiftUI.app */;
			productType = "com.apple.product-type.application";
		};
/* End PBXNativeTarget section */

/* Begin PBXProject section */
		83994879298904BF0072DA64 /* Project object */ = {
			isa = PBXProject;
			attributes = {
				BuildIndependentTargetsInParallel = 1;
				LastSwiftUpdateCheck = 1420;
				LastUpgradeCheck = 1420;
				TargetAttributes = {
					83994880298904BF0072DA64 = {
						CreatedOnToolsVersion = 14.2;
					};
				};
			};
			buildConfigurationList = 8399487C298904BF0072DA64 /* Build configuration list for PBXProject "UberSwiftUI" */;
			compatibilityVersion = "Xcode 14.0";
			developmentRegion = en;
			hasScannedForEncodings = 0;
			knownRegions = (
				en,
				Base,
			);
			mainGroup = 83994878298904BF0072DA64;
			productRefGroup = 83994882298904BF0072DA64 /* Products */;
			projectDirPath = "";
			projectRoot = "";
			targets = (
				83994880298904BF0072DA64 /* UberSwiftUI */,
			);
		};
/* End PBXProject section */

/* Begin PBXResourcesBuildPhase section */
		8399487F298904BF0072DA64 /* Resources */ = {
			isa = PBXResourcesBuildPhase;
			buildActionMask = 2147483647;
			files = (
				8399488C298904C00072DA64 /* Preview Assets.xcassets in Resources */,
				83994889298904C00072DA64 /* Assets.xcassets in Resources */,
			);
			runOnlyForDeploymentPostprocessing = 0;
		};
/* End PBXResourcesBuildPhase section */

/* Begin PBXSourcesBuildPhase section */
		8399487D298904BF0072DA64 /* Sources */ = {
			isa = PBXSourcesBuildPhase;
			buildActionMask = 2147483647;
			files = (
				839948A02989079F0072DA64 /* LocationManager.swift in Sources */,
				839948A82989F24A0072DA64 /* UIScreen+.swift in Sources */,
				83994885298904BF0072DA64 /* UberSwiftUIApp.swift in Sources */,
				8336F7032990A54600A28EF8 /* LocationSearchViewModel.swift in Sources */,
				8399489E298905630072DA64 /* MapViewRepresentable.swift in Sources */,
				8399489C298905470072DA64 /* HomeView.swift in Sources */,
				8336F6FF299092FA00A28EF8 /* LocationSearchView.swift in Sources */,
				8336F7012990969600A28EF8 /* LocationSearchResultCell.swift in Sources */,
				839948A62989F11D0072DA64 /* LocationSearchActivationView.swift in Sources */,
				839948AA2989F6400072DA64 /* MapViewActionButton.swift in Sources */,
			);
			runOnlyForDeploymentPostprocessing = 0;
		};
/* End PBXSourcesBuildPhase section */

/* Begin XCBuildConfiguration section */
		8399488D298904C00072DA64 /* Debug */ = {
			isa = XCBuildConfiguration;
			buildSettings = {
				ALWAYS_SEARCH_USER_PATHS = NO;
				CLANG_ANALYZER_NONNULL = YES;
				CLANG_ANALYZER_NUMBER_OBJECT_CONVERSION = YES_AGGRESSIVE;
				CLANG_CXX_LANGUAGE_STANDARD = "gnu++20";
				CLANG_ENABLE_MODULES = YES;
				CLANG_ENABLE_OBJC_ARC = YES;
				CLANG_ENABLE_OBJC_WEAK = YES;
				CLANG_WARN_BLOCK_CAPTURE_AUTORELEASING = YES;
				CLANG_WARN_BOOL_CONVERSION = YES;
				CLANG_WARN_COMMA = YES;
				CLANG_WARN_CONSTANT_CONVERSION = YES;
				CLANG_WARN_DEPRECATED_OBJC_IMPLEMENTATIONS = YES;
				CLANG_WARN_DIRECT_OBJC_ISA_USAGE = YES_ERROR;
				CLANG_WARN_DOCUMENTATION_COMMENTS = YES;
				CLANG_WARN_EMPTY_BODY = YES;
				CLANG_WARN_ENUM_CONVERSION = YES;
				CLANG_WARN_INFINITE_RECURSION = YES;
				CLANG_WARN_INT_CONVERSION = YES;
				CLANG_WARN_NON_LITERAL_NULL_CONVERSION = YES;
				CLANG_WARN_OBJC_IMPLICIT_RETAIN_SELF = YES;
				CLANG_WARN_OBJC_LITERAL_CONVERSION = YES;
				CLANG_WARN_OBJC_ROOT_CLASS = YES_ERROR;
				CLANG_WARN_QUOTED_INCLUDE_IN_FRAMEWORK_HEADER = YES;
				CLANG_WARN_RANGE_LOOP_ANALYSIS = YES;
				CLANG_WARN_STRICT_PROTOTYPES = YES;
				CLANG_WARN_SUSPICIOUS_MOVE = YES;
				CLANG_WARN_UNGUARDED_AVAILABILITY = YES_AGGRESSIVE;
				CLANG_WARN_UNREACHABLE_CODE = YES;
				CLANG_WARN__DUPLICATE_METHOD_MATCH = YES;
				COPY_PHASE_STRIP = NO;
				DEBUG_INFORMATION_FORMAT = dwarf;
				ENABLE_STRICT_OBJC_MSGSEND = YES;
				ENABLE_TESTABILITY = YES;
				GCC_C_LANGUAGE_STANDARD = gnu11;
				GCC_DYNAMIC_NO_PIC = NO;
				GCC_NO_COMMON_BLOCKS = YES;
				GCC_OPTIMIZATION_LEVEL = 0;
				GCC_PREPROCESSOR_DEFINITIONS = (
					"DEBUG=1",
					"$(inherited)",
				);
				GCC_WARN_64_TO_32_BIT_CONVERSION = YES;
				GCC_WARN_ABOUT_RETURN_TYPE = YES_ERROR;
				GCC_WARN_UNDECLARED_SELECTOR = YES;
				GCC_WARN_UNINITIALIZED_AUTOS = YES_AGGRESSIVE;
				GCC_WARN_UNUSED_FUNCTION = YES;
				GCC_WARN_UNUSED_VARIABLE = YES;
				IPHONEOS_DEPLOYMENT_TARGET = 16.2;
				MTL_ENABLE_DEBUG_INFO = INCLUDE_SOURCE;
				MTL_FAST_MATH = YES;
				ONLY_ACTIVE_ARCH = YES;
				SDKROOT = iphoneos;
				SWIFT_ACTIVE_COMPILATION_CONDITIONS = DEBUG;
				SWIFT_OPTIMIZATION_LEVEL = "-Onone";
			};
			name = Debug;
		};
		8399488E298904C00072DA64 /* Release */ = {
			isa = XCBuildConfiguration;
			buildSettings = {
				ALWAYS_SEARCH_USER_PATHS = NO;
				CLANG_ANALYZER_NONNULL = YES;
				CLANG_ANALYZER_NUMBER_OBJECT_CONVERSION = YES_AGGRESSIVE;
				CLANG_CXX_LANGUAGE_STANDARD = "gnu++20";
				CLANG_ENABLE_MODULES = YES;
				CLANG_ENABLE_OBJC_ARC = YES;
				CLANG_ENABLE_OBJC_WEAK = YES;
				CLANG_WARN_BLOCK_CAPTURE_AUTORELEASING = YES;
				CLANG_WARN_BOOL_CONVERSION = YES;
				CLANG_WARN_COMMA = YES;
				CLANG_WARN_CONSTANT_CONVERSION = YES;
				CLANG_WARN_DEPRECATED_OBJC_IMPLEMENTATIONS = YES;
				CLANG_WARN_DIRECT_OBJC_ISA_USAGE = YES_ERROR;
				CLANG_WARN_DOCUMENTATION_COMMENTS = YES;
				CLANG_WARN_EMPTY_BODY = YES;
				CLANG_WARN_ENUM_CONVERSION = YES;
				CLANG_WARN_INFINITE_RECURSION = YES;
				CLANG_WARN_INT_CONVERSION = YES;
				CLANG_WARN_NON_LITERAL_NULL_CONVERSION = YES;
				CLANG_WARN_OBJC_IMPLICIT_RETAIN_SELF = YES;
				CLANG_WARN_OBJC_LITERAL_CONVERSION = YES;
				CLANG_WARN_OBJC_ROOT_CLASS = YES_ERROR;
				CLANG_WARN_QUOTED_INCLUDE_IN_FRAMEWORK_HEADER = YES;
				CLANG_WARN_RANGE_LOOP_ANALYSIS = YES;
				CLANG_WARN_STRICT_PROTOTYPES = YES;
				CLANG_WARN_SUSPICIOUS_MOVE = YES;
				CLANG_WARN_UNGUARDED_AVAILABILITY = YES_AGGRESSIVE;
				CLANG_WARN_UNREACHABLE_CODE = YES;
				CLANG_WARN__DUPLICATE_METHOD_MATCH = YES;
				COPY_PHASE_STRIP = NO;
				DEBUG_INFORMATION_FORMAT = "dwarf-with-dsym";
				ENABLE_NS_ASSERTIONS = NO;
				ENABLE_STRICT_OBJC_MSGSEND = YES;
				GCC_C_LANGUAGE_STANDARD = gnu11;
				GCC_NO_COMMON_BLOCKS = YES;
				GCC_WARN_64_TO_32_BIT_CONVERSION = YES;
				GCC_WARN_ABOUT_RETURN_TYPE = YES_ERROR;
				GCC_WARN_UNDECLARED_SELECTOR = YES;
				GCC_WARN_UNINITIALIZED_AUTOS = YES_AGGRESSIVE;
				GCC_WARN_UNUSED_FUNCTION = YES;
				GCC_WARN_UNUSED_VARIABLE = YES;
				IPHONEOS_DEPLOYMENT_TARGET = 16.2;
				MTL_ENABLE_DEBUG_INFO = NO;
				MTL_FAST_MATH = YES;
				SDKROOT = iphoneos;
				SWIFT_COMPILATION_MODE = wholemodule;
				SWIFT_OPTIMIZATION_LEVEL = "-O";
				VALIDATE_PRODUCT = YES;
			};
			name = Release;
		};
		83994890298904C00072DA64 /* Debug */ = {
			isa = XCBuildConfiguration;
			buildSettings = {
				ASSETCATALOG_COMPILER_APPICON_NAME = AppIcon;
				ASSETCATALOG_COMPILER_GLOBAL_ACCENT_COLOR_NAME = AccentColor;
				CODE_SIGN_STYLE = Automatic;
				CURRENT_PROJECT_VERSION = 1;
				DEVELOPMENT_ASSET_PATHS = "\"UberSwiftUI/Preview Content\"";
				DEVELOPMENT_TEAM = APATJHZZY7;
				ENABLE_PREVIEWS = YES;
				GENERATE_INFOPLIST_FILE = YES;
				INFOPLIST_KEY_NSLocationWhenInUseUsageDescription = "Please allow us to access your location to find you nearby drivers and rides";
				INFOPLIST_KEY_UIApplicationSceneManifest_Generation = YES;
				INFOPLIST_KEY_UIApplicationSupportsIndirectInputEvents = YES;
				INFOPLIST_KEY_UILaunchScreen_Generation = YES;
				INFOPLIST_KEY_UISupportedInterfaceOrientations_iPad = "UIInterfaceOrientationPortrait UIInterfaceOrientationPortraitUpsideDown UIInterfaceOrientationLandscapeLeft UIInterfaceOrientationLandscapeRight";
				INFOPLIST_KEY_UISupportedInterfaceOrientations_iPhone = "UIInterfaceOrientationPortrait UIInterfaceOrientationLandscapeLeft UIInterfaceOrientationLandscapeRight";
				LD_RUNPATH_SEARCH_PATHS = (
					"$(inherited)",
					"@executable_path/Frameworks",
				);
				MARKETING_VERSION = 1.0;
				PRODUCT_BUNDLE_IDENTIFIER = com.waiker.UberSwiftUI;
				PRODUCT_NAME = "$(TARGET_NAME)";
				SWIFT_EMIT_LOC_STRINGS = YES;
				SWIFT_VERSION = 5.0;
				TARGETED_DEVICE_FAMILY = "1,2";
			};
			name = Debug;
		};
		83994891298904C00072DA64 /* Release */ = {
			isa = XCBuildConfiguration;
			buildSettings = {
				ASSETCATALOG_COMPILER_APPICON_NAME = AppIcon;
				ASSETCATALOG_COMPILER_GLOBAL_ACCENT_COLOR_NAME = AccentColor;
				CODE_SIGN_STYLE = Automatic;
				CURRENT_PROJECT_VERSION = 1;
				DEVELOPMENT_ASSET_PATHS = "\"UberSwiftUI/Preview Content\"";
				DEVELOPMENT_TEAM = APATJHZZY7;
				ENABLE_PREVIEWS = YES;
				GENERATE_INFOPLIST_FILE = YES;
				INFOPLIST_KEY_NSLocationWhenInUseUsageDescription = "Please allow us to access your location to find you nearby drivers and rides";
				INFOPLIST_KEY_UIApplicationSceneManifest_Generation = YES;
				INFOPLIST_KEY_UIApplicationSupportsIndirectInputEvents = YES;
				INFOPLIST_KEY_UILaunchScreen_Generation = YES;
				INFOPLIST_KEY_UISupportedInterfaceOrientations_iPad = "UIInterfaceOrientationPortrait UIInterfaceOrientationPortraitUpsideDown UIInterfaceOrientationLandscapeLeft UIInterfaceOrientationLandscapeRight";
				INFOPLIST_KEY_UISupportedInterfaceOrientations_iPhone = "UIInterfaceOrientationPortrait UIInterfaceOrientationLandscapeLeft UIInterfaceOrientationLandscapeRight";
				LD_RUNPATH_SEARCH_PATHS = (
					"$(inherited)",
					"@executable_path/Frameworks",
				);
				MARKETING_VERSION = 1.0;
				PRODUCT_BUNDLE_IDENTIFIER = com.waiker.UberSwiftUI;
				PRODUCT_NAME = "$(TARGET_NAME)";
				SWIFT_EMIT_LOC_STRINGS = YES;
				SWIFT_VERSION = 5.0;
				TARGETED_DEVICE_FAMILY = "1,2";
			};
			name = Release;
		};
/* End XCBuildConfiguration section */

/* Begin XCConfigurationList section */
		8399487C298904BF0072DA64 /* Build configuration list for PBXProject "UberSwiftUI" */ = {
			isa = XCConfigurationList;
			buildConfigurations = (
				8399488D298904C00072DA64 /* Debug */,
				8399488E298904C00072DA64 /* Release */,
			);
			defaultConfigurationIsVisible = 0;
			defaultConfigurationName = Release;
		};
		8399488F298904C00072DA64 /* Build configuration list for PBXNativeTarget "UberSwiftUI" */ = {
			isa = XCConfigurationList;
			buildConfigurations = (
				83994890298904C00072DA64 /* Debug */,
				83994891298904C00072DA64 /* Release */,
			);
			defaultConfigurationIsVisible = 0;
			defaultConfigurationName = Release;
		};
/* End XCConfigurationList section */
	};
	rootObject = 83994879298904BF0072DA64 /* Project object */;
}
